
Microsoft Visual Studio Solution File, Format Version 12.00
Project("{FAE04EC0-301F-11D3-BF4B-00C04F79EFBC}") = "HelloWorldConsole", "HelloWorldConsole\HelloWorldConsole.csproj", "{5D60A4C8-7BA0-44D1-82DD-6A734B8A709F}"
EndProject
Global
	GlobalSection(SolutionConfigurationPlatforms) = preSolution
		Debug|Any CPU = Debug|Any CPU
		Release|Any CPU = Release|Any CPU
	EndGlobalSection
	GlobalSection(ProjectConfigurationPlatforms) = postSolution
		{5D60A4C8-7BA0-44D1-82DD-6A734B8A709F}.Debug|Any CPU.ActiveCfg = Debug|Any CPU
		{5D60A4C8-7BA0-44D1-82DD-6A734B8A709F}.Debug|Any CPU.Build.0 = Debug|Any CPU
		{5D60A4C8-7BA0-44D1-82DD-6A734B8A709F}.Release|Any CPU.ActiveCfg = Release|Any CPU
		{5D60A4C8-7BA0-44D1-82DD-6A734B8A709F}.Release|Any CPU.Build.0 = Release|Any CPU
	EndGlobalSection
EndGlobal
